
Microsoft Visual Studio Solution File, Format Version 12.00
# Visual Studio Version 16
VisualStudioVersion = 16.0.32901.82
MinimumVisualStudioVersion = 10.0.40219.1
Project("{FAE04EC0-301F-11D3-BF4B-00C04F79EFBC}") = "cut ededlerin cemi", "cut ededlerin cemi\cut ededlerin cemi.csproj", "{28701543-1F9A-4890-8A0C-3A01694D633A}"
EndProject
Global
	GlobalSection(SolutionConfigurationPlatforms) = preSolution
		Debug|Any CPU = Debug|Any CPU
		Release|Any CPU = Release|Any CPU
	EndGlobalSection
	GlobalSection(ProjectConfigurationPlatforms) = postSolution
		{28701543-1F9A-4890-8A0C-3A01694D633A}.Debug|Any CPU.ActiveCfg = Debug|Any CPU
		{28701543-1F9A-4890-8A0C-3A01694D633A}.Debug|Any CPU.Build.0 = Debug|Any CPU
		{28701543-1F9A-4890-8A0C-3A01694D633A}.Release|Any CPU.ActiveCfg = Release|Any CPU
		{28701543-1F9A-4890-8A0C-3A01694D633A}.Release|Any CPU.Build.0 = Release|Any CPU
	EndGlobalSection
	GlobalSection(SolutionProperties) = preSolution
		HideSolutionNode = FALSE
	EndGlobalSection
	GlobalSection(ExtensibilityGlobals) = postSolution
		SolutionGuid = {E89D891E-34E8-4CB5-B2B0-437B5FCDDBF8}
	EndGlobalSection
EndGlobal
